{
  "projects": [
    {
      "projectId": "578p2KiWp3ZSUFPY7FrhK3",
      "version": "latest",
      "dependencies": {},
      "lang": "js",
      "fileLocks": [
        {
          "type": "globalVariant",
          "assetId": "_tU3UFp3Zwbn8d",
          "checksum": "cdff82b9b5241317cf33b7747402cf0d"
        },
        {
          "type": "globalVariant",
          "assetId": "-h5nwi-qhfkAbq",
          "checksum": "b2944c43fa84603dc80e7a00364883d5"
        },
        {
          "type": "globalVariant",
          "assetId": "rF5BCFA53STY69",
          "checksum": "fd552eb77c3307b2dab75bfba05c126c"
        },
        {
          "type": "renderModule",
          "assetId": "4mxLKLJaWtnt2",
          "checksum": "3cbcc2581a5a2bfd0023601af9ac1c83"
        },
        {
          "type": "cssRules",
          "assetId": "4mxLKLJaWtnt2",
          "checksum": "3cbcc2581a5a2bfd0023601af9ac1c83"
        },
        {
          "type": "renderModule",
          "assetId": "JzUfKSCjMNmY2Z",
          "checksum": "72a53e3e8b4a4d48e40d0f18a198efc6"
        },
        {
          "type": "cssRules",
          "assetId": "JzUfKSCjMNmY2Z",
          "checksum": "72a53e3e8b4a4d48e40d0f18a198efc6"
        },
        {
          "type": "renderModule",
          "assetId": "7aD6yu2k-doCHn",
          "checksum": "6ffc2351ee76494b04148f975d5839e8"
        },
        {
          "type": "cssRules",
          "assetId": "7aD6yu2k-doCHn",
          "checksum": "6ffc2351ee76494b04148f975d5839e8"
        },
        {
          "type": "renderModule",
          "assetId": "opFq_mjndRgD1H",
          "checksum": "4aa559a79417a4b224e387423d8957dc"
        },
        {
          "type": "cssRules",
          "assetId": "opFq_mjndRgD1H",
          "checksum": "4aa559a79417a4b224e387423d8957dc"
        },
        {
          "type": "renderModule",
          "assetId": "UFO_FR1k5hVzkR",
          "checksum": "aaf8a769f2241b70058db0c0f7da280b"
        },
        {
          "type": "cssRules",
          "assetId": "UFO_FR1k5hVzkR",
          "checksum": "aaf8a769f2241b70058db0c0f7da280b"
        },
        {
          "type": "renderModule",
          "assetId": "JjbA4Hm8LNdr-g",
          "checksum": "b43b026ffa877f848f0a4a590e22656f"
        },
        {
          "type": "cssRules",
          "assetId": "JjbA4Hm8LNdr-g",
          "checksum": "b43b026ffa877f848f0a4a590e22656f"
        },
        {
          "type": "renderModule",
          "assetId": "3Vr7VM3BiE8vGJ",
          "checksum": "c832a8386d82cbd592718716d9598c17"
        },
        {
          "type": "cssRules",
          "assetId": "3Vr7VM3BiE8vGJ",
          "checksum": "c832a8386d82cbd592718716d9598c17"
        },
        {
          "type": "renderModule",
          "assetId": "ewAEVwmcISj0Qb",
          "checksum": "e158f7e5564c867518f8fea38be54f41"
        },
        {
          "type": "cssRules",
          "assetId": "ewAEVwmcISj0Qb",
          "checksum": "e158f7e5564c867518f8fea38be54f41"
        },
        {
          "type": "renderModule",
          "assetId": "Pk_l4MGMb4hjYx",
          "checksum": "89ec032b333e11c220cf222e813c5bd5"
        },
        {
          "type": "cssRules",
          "assetId": "Pk_l4MGMb4hjYx",
          "checksum": "89ec032b333e11c220cf222e813c5bd5"
        },
        {
          "type": "renderModule",
          "assetId": "8ceOxyfszem3bX",
          "checksum": "c032e447bc5e6b4f410ad9ed23ecc15c"
        },
        {
          "type": "cssRules",
          "assetId": "8ceOxyfszem3bX",
          "checksum": "c032e447bc5e6b4f410ad9ed23ecc15c"
        },
        {
          "type": "renderModule",
          "assetId": "QvmlKls91-xsuV",
          "checksum": "63bf1e8fb4962a37b095a033cbbd9bb0"
        },
        {
          "type": "cssRules",
          "assetId": "QvmlKls91-xsuV",
          "checksum": "63bf1e8fb4962a37b095a033cbbd9bb0"
        },
        {
          "type": "renderModule",
          "assetId": "InkiWn_hJlV",
          "checksum": "6a20a1f7b3829dd75ce4615d6ca8e960"
        },
        {
          "type": "cssRules",
          "assetId": "InkiWn_hJlV",
          "checksum": "6a20a1f7b3829dd75ce4615d6ca8e960"
        },
        {
          "type": "icon",
          "assetId": "BEDiFg-_w--Hh3",
          "checksum": "46af7debd98a95e9ebbd5db2586959c7"
        },
        {
          "type": "icon",
          "assetId": "_dRbH4v6VHTpnb",
          "checksum": "9e9c40a101f3d20af150f12d095f1bb4"
        },
        {
          "type": "icon",
          "assetId": "_x1MasHkDimG3R",
          "checksum": "d66de1de22aff52ca94872bbfff4c42c"
        },
        {
          "type": "icon",
          "assetId": "heCtdXRKjCGsEG",
          "checksum": "9e20c319c0034b2dcf05e9afb459bacf"
        },
        {
          "type": "icon",
          "assetId": "J1STVNZpiZA5s4",
          "checksum": "477b17ffd33f025a1c2948025b076c07"
        },
        {
          "type": "icon",
          "assetId": "UAi_dYgBOXu1wf",
          "checksum": "0d87cf52fc72b0a0a9131024ac77919c"
        },
        {
          "type": "icon",
          "assetId": "xa6I7_9Y9zpgmB",
          "checksum": "478944f6f5536b9e42227f859c04544d"
        },
        {
          "type": "icon",
          "assetId": "jbJru8BSTWZZmG",
          "checksum": "14c5b73309d2a120e197bb60c6001fd5"
        },
        {
          "type": "icon",
          "assetId": "ecY95-bP1psfKj",
          "checksum": "d9503977094c782cc8bb46672f704d06"
        },
        {
          "type": "icon",
          "assetId": "wGgCdFDhiemSh_",
          "checksum": "b8b00abb125586859fb21b04df629633"
        },
        {
          "type": "icon",
          "assetId": "Pm2lRnnla8434h",
          "checksum": "c892f7b2b3ab22aff305d19f76bfbdd8"
        },
        {
          "type": "icon",
          "assetId": "DzRqtLZ6Q7Kj2k",
          "checksum": "8ba4032208f978f68602ad21454625fd"
        },
        {
          "type": "icon",
          "assetId": "M9XeJTcnRiYR1i",
          "checksum": "d635c002fff8d314ba1c2018d6c1e690"
        },
        {
          "type": "icon",
          "assetId": "1inOoA4ZUXmpZq",
          "checksum": "c0ad29273d9625dcaf580fa217b78c4f"
        },
        {
          "type": "icon",
          "assetId": "KV2q7ertUKDyy_",
          "checksum": "326466afed0c9fd664a4ada179502be0"
        },
        {
          "type": "icon",
          "assetId": "SmNKxm2KF-nvWP",
          "checksum": "1605c82fbac3c50d70bd35a8f62e1139"
        },
        {
          "type": "icon",
          "assetId": "iA5hbIqA1-tq78",
          "checksum": "f6a225c9ce2960d549d3bbefa5195da5"
        },
        {
          "type": "icon",
          "assetId": "RmUfRPRc8RPNdh",
          "checksum": "62845837486ef039724c1a84f572ce99"
        },
        {
          "type": "icon",
          "assetId": "7QjwRsb_l5cZhX",
          "checksum": "4df9cb312e80294fd96a161c97de9172"
        },
        {
          "type": "icon",
          "assetId": "kmmL6T3tMv1yWf",
          "checksum": "fc726ce3f3bbefd8c4fda0c9b2df3a86"
        },
        {
          "type": "icon",
          "assetId": "bCgM43rFTSW4TE",
          "checksum": "e8057e6793be130ea406f38e5a097390"
        },
        {
          "type": "icon",
          "assetId": "U0AgDpopflf_Op",
          "checksum": "14d8c8cf16d8a5deb787ecae7986300a"
        },
        {
          "type": "icon",
          "assetId": "xhHvnsgP-T2LJo",
          "checksum": "51c7ab622e8a8ad135c1815d7e95dc9d"
        },
        {
          "type": "icon",
          "assetId": "8mHA-e8AhB_es9",
          "checksum": "a610673c7671b645a0b49059215ba1fb"
        },
        {
          "type": "icon",
          "assetId": "wszRZDHrfCJaE9",
          "checksum": "7d9f1eb01b68bdd548ae76563d12817c"
        },
        {
          "type": "icon",
          "assetId": "J3O_4eStjkD7ZV",
          "checksum": "84fc3aa1f5ea1eb1b900af2958a203af"
        },
        {
          "type": "icon",
          "assetId": "3hWh_eWxbClQvX",
          "checksum": "7ba060ed8f72abd5120c59d0c113f495"
        },
        {
          "type": "icon",
          "assetId": "4p046xg_E92q0B",
          "checksum": "09929efa249419a4058dea7a75a8a802"
        },
        {
          "type": "icon",
          "assetId": "cVIq4NUX5C4QL_",
          "checksum": "dc07a1b74c5068a4cde8d367cfda3da4"
        },
        {
          "type": "icon",
          "assetId": "RDagWvZuGPzEwr",
          "checksum": "7da6c660648c2e1e250ca69921f4b72e"
        },
        {
          "type": "icon",
          "assetId": "czaxZVR5hP2-TG",
          "checksum": "e16678a39a8e3296298730358925ca29"
        },
        {
          "type": "icon",
          "assetId": "9s2ryVuI124WY_",
          "checksum": "f239e028a5faca425e8caebcab3a6630"
        },
        {
          "type": "icon",
          "assetId": "MxSKl5EzDtcRZm",
          "checksum": "4e283ed60efc3b1b4261e43c38b50822"
        },
        {
          "type": "icon",
          "assetId": "CwmdYknIlpmz7O",
          "checksum": "ec7d76bc99742a586c85041d3c75487e"
        },
        {
          "type": "icon",
          "assetId": "QNsqKKyBgmqOWl",
          "checksum": "796c8749e4f488b42356b98e0806e449"
        },
        {
          "type": "icon",
          "assetId": "DBFrcOSImv4MRC",
          "checksum": "97787e5a533d5a4f6a81eca621a7b9f9"
        },
        {
          "type": "icon",
          "assetId": "C3f3FgCnH9VKtI",
          "checksum": "0024ba0938956e56ff85add0b4fa9d67"
        },
        {
          "type": "icon",
          "assetId": "bbY45N8hXda0bx",
          "checksum": "f8feff347ae1c8d7b7984b30b7a4f74d"
        },
        {
          "type": "image",
          "assetId": "qx5LJGtolPrUzU",
          "checksum": "14ecc4010d3fb953b056108fa6686992"
        },
        {
          "type": "image",
          "assetId": "gAW8cMzvWdpjG1",
          "checksum": "b918e4e9f809b05faa23a3378162472d"
        },
        {
          "type": "image",
          "assetId": "Tq8QVc40qaIxV2",
          "checksum": "1814bc66de9a6eb94f84a9897b67ca3a"
        },
        {
          "type": "image",
          "assetId": "LgL7tnqu8gsCH0",
          "checksum": "158083ebe9e826b56b7edbe1f4090b95"
        },
        {
          "type": "image",
          "assetId": "6L0E5tnPJK7_XA",
          "checksum": "f7a0f244602b76cb0a73b317c0c44b5b"
        },
        {
          "type": "image",
          "assetId": "qKqhmG619oE6rH",
          "checksum": "b2af3508dbb7f7f7d24ae19e71954979"
        },
        {
          "type": "image",
          "assetId": "CxxYfUvopLkJoH",
          "checksum": "fbbbc3e39abff9edab245ddcfae4c20d"
        },
        {
          "type": "image",
          "assetId": "-J5dllWNBH8LyU",
          "checksum": "eeb4b82a53478bdc3464ca1acc051a33"
        },
        {
          "type": "image",
          "assetId": "WO10GZzifGoK39",
          "checksum": "95c85d4215b70b3c6a9653b58709303c"
        },
        {
          "type": "image",
          "assetId": "PfOb61JrELGUL-",
          "checksum": "3479274def159d8d0ad33af270236f67"
        },
        {
          "type": "image",
          "assetId": "OBH9EShLWWI9Z_",
          "checksum": "95756efaf1119efdb87582b010225dc3"
        },
        {
          "type": "image",
          "assetId": "AVKcVy1j59uBnO",
          "checksum": "732cc261b8fb7c69acc4715358b947c3"
        },
        {
          "type": "image",
          "assetId": "sQHo2C8n9F5HZq",
          "checksum": "99038e0fc72a03286d85336939951edc"
        },
        {
          "type": "image",
          "assetId": "rb_kE6Lz_OdmhI",
          "checksum": "7042079f6c9229faaaeb138852f839dc"
        },
        {
          "type": "image",
          "assetId": "vyvCFX4c_jJlYG",
          "checksum": "9989eea638d3ed711a653a845d19fad9"
        },
        {
          "type": "image",
          "assetId": "PJtRGoa0gIzXVd",
          "checksum": "c88a80eda9ae83a34735cb215159e820"
        },
        {
          "type": "image",
          "assetId": "BVnoz1xoVckSQL",
          "checksum": "4468129afad125bec802f7522dddb163"
        },
        {
          "type": "image",
          "assetId": "wzouMWBSZwS38a",
          "checksum": "f7b37d0cc3bf1c7e81d0efd79f1d000c"
        },
        {
          "type": "image",
          "assetId": "f7QWCQpDnXHi-W",
          "checksum": "487013cb1d64bb9d69948550d2e566c7"
        },
        {
          "type": "image",
          "assetId": "sK74b31C3yFun7",
          "checksum": "a4a222c1e5c84e1f007396b497bc8b6e"
        },
        {
          "type": "image",
          "assetId": "Z4qyc2ZHC7Nb7J",
          "checksum": "6048576e631ce796b38992899730c417"
        },
        {
          "type": "image",
          "assetId": "Q8zAUR-ofp1Sbz",
          "checksum": "0a1ad121532165c48310b3e3d03604bf"
        },
        {
          "type": "image",
          "assetId": "ZTwXnq5Ez3mhSV",
          "checksum": "a75c64728d51d8ed49624cb5d288a5f9"
        },
        {
          "type": "image",
          "assetId": "4-dKoU3aO4MFEX",
          "checksum": "f7ba6513a7a3c5e8747255c1d86f8348"
        },
        {
          "type": "image",
          "assetId": "MrhrHnmVHAhS9f",
          "checksum": "427efb1054ed0c2cbc39877b92347e29"
        },
        {
          "type": "image",
          "assetId": "7Z6TTbANtjrjK9",
          "checksum": "6bfe21bd110039a9c681e062a5eaed98"
        },
        {
          "type": "image",
          "assetId": "tm5x0SoqGFDvOF",
          "checksum": "c27c7c7b738b14fa2d492452478cfecc"
        },
        {
          "type": "image",
          "assetId": "juSM5s1cFQKYR9",
          "checksum": "788329c018de447e51ce4074e8a346e1"
        },
        {
          "type": "image",
          "assetId": "8HGnE8x0vUU6Bf",
          "checksum": "8b3a58163fd075d1096f6bde46379af6"
        },
        {
          "type": "image",
          "assetId": "voJbDXbX91fu1V",
          "checksum": "8da2941e820005892e0cbb52ccb8216d"
        },
        {
          "type": "image",
          "assetId": "EXUGWISHYxdxPC",
          "checksum": "72d2dc4f29b6d3ac0f920d12506a7632"
        },
        {
          "type": "image",
          "assetId": "94AATeDc1FB2Yp",
          "checksum": "57c250906e81f000cf58e072ff429bcd"
        },
        {
          "type": "image",
          "assetId": "VleRCYgoKErjlV",
          "checksum": "3b3dd7e124b53b11d89d56fedc5c2e04"
        },
        {
          "type": "image",
          "assetId": "7keO98ROwsOnd2",
          "checksum": "40f649825a6e13e5159e7cdf29092d15"
        },
        {
          "type": "image",
          "assetId": "ku6z65STp2Jd3d",
          "checksum": "59e402bfb7d0b51bb7c533e47a80d4a1"
        },
        {
          "type": "image",
          "assetId": "LixAbfWv_FBK1E",
          "checksum": "cd8d11718994947b4c3217f1a6376ae6"
        },
        {
          "type": "image",
          "assetId": "WTGicQ0XaT4cjF",
          "checksum": "4ae15558ba99b1578193b1e62aca6d91"
        },
        {
          "type": "image",
          "assetId": "NDyQIKR_tUP82d",
          "checksum": "8454afeed238c0ce54656f4e7fce351d"
        },
        {
          "type": "image",
          "assetId": "xCMMsUHWzsQ4-s",
          "checksum": "fe8841b3e7cd14852b77ab55ac2d411b"
        },
        {
          "type": "image",
          "assetId": "DKC1TXfk876E61",
          "checksum": "80087ca2a6acf59b805b0b8cc76e99c1"
        },
        {
          "type": "image",
          "assetId": "OznfOh0AOLZAlK",
          "checksum": "dd1af85c4338af4262e978c4d4ab122f"
        },
        {
          "type": "image",
          "assetId": "BfJpJ_J_qZmST-",
          "checksum": "d214d1cc6d0615555bb00f56d58d5a4b"
        },
        {
          "type": "image",
          "assetId": "Y3GNooUK7JTZaJ",
          "checksum": "51dfbe0d093a2a6da4b7b278ff3aa631"
        },
        {
          "type": "image",
          "assetId": "vz4zo00ccr5bPq",
          "checksum": "f12a90d48dc422fa5973e87b25eebd9a"
        },
        {
          "type": "image",
          "assetId": "SM3jN6H65gr6m0",
          "checksum": "407d12c27dd20a4e4f707916d9f129a6"
        },
        {
          "type": "image",
          "assetId": "lgDFnz63Dvd_Z8",
          "checksum": "603dbcdf53aa4b8130287c1fd455c8e4"
        },
        {
          "type": "image",
          "assetId": "sWXR5NHgByZrhW",
          "checksum": "32db045ced5bfc44cb9702825bb0147c"
        },
        {
          "type": "image",
          "assetId": "Phi89mNcC7vLJv",
          "checksum": "455397c87a33d404a8c23c912f6dc6d8"
        },
        {
          "type": "image",
          "assetId": "Q7ET5cSb0vu4Zk",
          "checksum": "fb904fc7f39e25a112e24f0fd5516573"
        },
        {
          "type": "image",
          "assetId": "TcDzf-6fd4SfXV",
          "checksum": "4f729c31c2936f4e360562968751062e"
        },
        {
          "type": "image",
          "assetId": "pMdY5u5QphVbM0",
          "checksum": "626ae8c7819e378de080442b81932920"
        },
        {
          "type": "image",
          "assetId": "s3IIQT-eD5Rb21",
          "checksum": "ed9b6635f7e8cfe638cde820dfdd3747"
        },
        {
          "type": "image",
          "assetId": "J7-sTqLZ2eZ1ry",
          "checksum": "5ff2b65f8bdd0bd9bfc0187ce6b5df50"
        },
        {
          "type": "image",
          "assetId": "rTS951Ny9LKvXE",
          "checksum": "e1f8f2d9b9c4b3e1842bf8ba4860b366"
        },
        {
          "type": "image",
          "assetId": "p2kKnc_lo3J8_z",
          "checksum": "75a57f2aaa4c5629ee6eaf89660bcc76"
        },
        {
          "type": "image",
          "assetId": "FI--SCLrAy2uIw",
          "checksum": "8bbd0fc94dc9660e04a617673d9b8b69"
        },
        {
          "type": "image",
          "assetId": "tXNjtUhYTKTW5Z",
          "checksum": "351392e06535f6eae24ff24a7f393701"
        },
        {
          "type": "image",
          "assetId": "j1ZMQ5WysnVJ7j",
          "checksum": "9a2d8b4efb9759ea257237d51d4dc3e7"
        },
        {
          "type": "image",
          "assetId": "W4xSeLPpkISZfl",
          "checksum": "1cec45423a7bd1e55db172d6f2ada2a4"
        },
        {
          "type": "image",
          "assetId": "ASLxuhjuofH38u",
          "checksum": "760ea87ba58b06f9ff4abfa0f26a0667"
        },
        {
          "type": "image",
          "assetId": "ld6zCxQLpa-CUu",
          "checksum": "8830f5a3c67673361058fd5a5ce6dc7a"
        },
        {
          "type": "image",
          "assetId": "uNuBiZh6wtC2oJ",
          "checksum": "9bd3f6de27b0e279f8d1ba0bc830115a"
        },
        {
          "type": "renderModule",
          "assetId": "4dfVIiGXb7",
          "checksum": "d4fe3f4fc0dcb429bbf9b667401b62ef"
        },
        {
          "type": "cssRules",
          "assetId": "4dfVIiGXb7",
          "checksum": "d4fe3f4fc0dcb429bbf9b667401b62ef"
        },
        {
          "type": "renderModule",
          "assetId": "Yea3wiMBit",
          "checksum": "b1271ac4e217401218f848927aaef544"
        },
        {
          "type": "cssRules",
          "assetId": "Yea3wiMBit",
          "checksum": "b1271ac4e217401218f848927aaef544"
        },
        {
          "type": "renderModule",
          "assetId": "NgNO4sKi6f",
          "checksum": "088e1f5ff431c35c36ed9025c318f9f0"
        },
        {
          "type": "cssRules",
          "assetId": "NgNO4sKi6f",
          "checksum": "088e1f5ff431c35c36ed9025c318f9f0"
        },
        {
          "type": "renderModule",
          "assetId": "BLtbByl5tB5",
          "checksum": "cc51be520b88868a767746791196eeff"
        },
        {
          "type": "cssRules",
          "assetId": "BLtbByl5tB5",
          "checksum": "cc51be520b88868a767746791196eeff"
        },
        {
          "assetId": "578p2KiWp3ZSUFPY7FrhK3",
          "type": "projectCss",
          "checksum": "4aa6c2f4b9d8334553985d509e8cd0f8"
        }
      ],
      "codegenVersion": "0.0.1"
    }
  ],
  "cliVersion": "0.1.175"
}
